
Microsoft Visual Studio Solution File, Format Version 12.00
# Visual Studio 14
VisualStudioVersion = 14.0.24720.0
MinimumVisualStudioVersion = 10.0.40219.1
Project("{FAE04EC0-301F-11D3-BF4B-00C04F79EFBC}") = "MainBot", "MainBot\MainBot.csproj", "{72B059F6-8B24-4056-9E19-E73EBDB483F9}"
EndProject
Project("{2150E333-8FDC-42A3-9474-1A3956D46DE8}") = "Solution Items", "Solution Items", "{C2904EC0-418F-41E2-8995-1A4365126417}"
	ProjectSection(SolutionItems) = preProject
		..\Defines\blockKeywords.txt = ..\Defines\blockKeywords.txt
		..\Defines\IDBlackList.txt = ..\Defines\IDBlackList.txt
		..\Defines\NameBlockKeywords.txt = ..\Defines\NameBlockKeywords.txt
		SearchKeywords.txt = SearchKeywords.txt
	EndProjectSection
EndProject
Project("{FAE04EC0-301F-11D3-BF4B-00C04F79EFBC}") = "ImageDownloader", "ImageDownloader\ImageDownloader.csproj", "{A68F282D-2089-4934-ABC3-599968C1488B}"
EndProject
Project("{FAE04EC0-301F-11D3-BF4B-00C04F79EFBC}") = "SelfieBotConfig", "SelfieBotConfig\SelfieBotConfig.csproj", "{530A1E8A-730E-476D-B7D2-DDE9CC5CC96B}"
EndProject
Project("{FAE04EC0-301F-11D3-BF4B-00C04F79EFBC}") = "SelfieBotDB", "SelfieBotDB\SelfieBotDB.csproj", "{BCB69FDD-BB54-40E8-95CF-41F67068D4CC}"
EndProject
Project("{FAE04EC0-301F-11D3-BF4B-00C04F79EFBC}") = "SelfieRetweet", "SelfieRetweet\SelfieRetweet.csproj", "{321210B4-8B51-4A24-ADA5-3921A60A5512}"
EndProject
Project("{FAE04EC0-301F-11D3-BF4B-00C04F79EFBC}") = "SelfieTweetSearch", "SelfieTweetSearch\SelfieTweetSearch.csproj", "{AB203A81-CE32-4C31-8E3C-280C80DE1542}"
EndProject
Project("{FAE04EC0-301F-11D3-BF4B-00C04F79EFBC}") = "SelfieTweetHTLWatcher", "SelfieTweetWatcher\SelfieTweetHTLWatcher.csproj", "{CFC9E2C4-F1C2-434A-A95B-B7FA29CE9DF1}"
EndProject
Project("{FAE04EC0-301F-11D3-BF4B-00C04F79EFBC}") = "SelfieTweetFilter", "SelfieTweetFilter\SelfieTweetFilter.csproj", "{714598A6-F241-4E09-B658-36257251BF0C}"
EndProject
Project("{FAE04EC0-301F-11D3-BF4B-00C04F79EFBC}") = "SelfieFacerecognizer", "SelfieFacerecognizer\SelfieFacerecognizer.csproj", "{57FA0900-F5A5-43FF-AA84-6D5D0378A0E8}"
EndProject
Project("{FAE04EC0-301F-11D3-BF4B-00C04F79EFBC}") = "SelfieTweetListWatcher", "SelfieTweetListWatcher\SelfieTweetListWatcher.csproj", "{BEB0C034-8A39-4EB5-B214-146FDBAFDAF0}"
EndProject
Global
	GlobalSection(SolutionConfigurationPlatforms) = preSolution
		Debug|Any CPU = Debug|Any CPU
		Debug|x64 = Debug|x64
		Release|Any CPU = Release|Any CPU
		Release|x64 = Release|x64
	EndGlobalSection
	GlobalSection(ProjectConfigurationPlatforms) = postSolution
		{72B059F6-8B24-4056-9E19-E73EBDB483F9}.Debug|Any CPU.ActiveCfg = Debug|Any CPU
		{72B059F6-8B24-4056-9E19-E73EBDB483F9}.Debug|Any CPU.Build.0 = Debug|Any CPU
		{72B059F6-8B24-4056-9E19-E73EBDB483F9}.Debug|x64.ActiveCfg = Debug|Any CPU
		{72B059F6-8B24-4056-9E19-E73EBDB483F9}.Debug|x64.Build.0 = Debug|Any CPU
		{72B059F6-8B24-4056-9E19-E73EBDB483F9}.Release|Any CPU.ActiveCfg = Release|Any CPU
		{72B059F6-8B24-4056-9E19-E73EBDB483F9}.Release|Any CPU.Build.0 = Release|Any CPU
		{72B059F6-8B24-4056-9E19-E73EBDB483F9}.Release|x64.ActiveCfg = Release|Any CPU
		{72B059F6-8B24-4056-9E19-E73EBDB483F9}.Release|x64.Build.0 = Release|Any CPU
		{A68F282D-2089-4934-ABC3-599968C1488B}.Debug|Any CPU.ActiveCfg = Debug|Any CPU
		{A68F282D-2089-4934-ABC3-599968C1488B}.Debug|Any CPU.Build.0 = Debug|Any CPU
		{A68F282D-2089-4934-ABC3-599968C1488B}.Debug|x64.ActiveCfg = Debug|Any CPU
		{A68F282D-2089-4934-ABC3-599968C1488B}.Debug|x64.Build.0 = Debug|Any CPU
		{A68F282D-2089-4934-ABC3-599968C1488B}.Release|Any CPU.ActiveCfg = Release|Any CPU
		{A68F282D-2089-4934-ABC3-599968C1488B}.Release|Any CPU.Build.0 = Release|Any CPU
		{A68F282D-2089-4934-ABC3-599968C1488B}.Release|x64.ActiveCfg = Release|Any CPU
		{A68F282D-2089-4934-ABC3-599968C1488B}.Release|x64.Build.0 = Release|Any CPU
		{530A1E8A-730E-476D-B7D2-DDE9CC5CC96B}.Debug|Any CPU.ActiveCfg = Debug|Any CPU
		{530A1E8A-730E-476D-B7D2-DDE9CC5CC96B}.Debug|Any CPU.Build.0 = Debug|Any CPU
		{530A1E8A-730E-476D-B7D2-DDE9CC5CC96B}.Debug|x64.ActiveCfg = Debug|Any CPU
		{530A1E8A-730E-476D-B7D2-DDE9CC5CC96B}.Debug|x64.Build.0 = Debug|Any CPU
		{530A1E8A-730E-476D-B7D2-DDE9CC5CC96B}.Release|Any CPU.ActiveCfg = Release|Any CPU
		{530A1E8A-730E-476D-B7D2-DDE9CC5CC96B}.Release|Any CPU.Build.0 = Release|Any CPU
		{530A1E8A-730E-476D-B7D2-DDE9CC5CC96B}.Release|x64.ActiveCfg = Release|Any CPU
		{530A1E8A-730E-476D-B7D2-DDE9CC5CC96B}.Release|x64.Build.0 = Release|Any CPU
		{BCB69FDD-BB54-40E8-95CF-41F67068D4CC}.Debug|Any CPU.ActiveCfg = Debug|Any CPU
		{BCB69FDD-BB54-40E8-95CF-41F67068D4CC}.Debug|Any CPU.Build.0 = Debug|Any CPU
		{BCB69FDD-BB54-40E8-95CF-41F67068D4CC}.Debug|x64.ActiveCfg = Debug|Any CPU
		{BCB69FDD-BB54-40E8-95CF-41F67068D4CC}.Debug|x64.Build.0 = Debug|Any CPU
		{BCB69FDD-BB54-40E8-95CF-41F67068D4CC}.Release|Any CPU.ActiveCfg = Release|Any CPU
		{BCB69FDD-BB54-40E8-95CF-41F67068D4CC}.Release|Any CPU.Build.0 = Release|Any CPU
		{BCB69FDD-BB54-40E8-95CF-41F67068D4CC}.Release|x64.ActiveCfg = Release|Any CPU
		{BCB69FDD-BB54-40E8-95CF-41F67068D4CC}.Release|x64.Build.0 = Release|Any CPU
		{321210B4-8B51-4A24-ADA5-3921A60A5512}.Debug|Any CPU.ActiveCfg = Debug|Any CPU
		{321210B4-8B51-4A24-ADA5-3921A60A5512}.Debug|Any CPU.Build.0 = Debug|Any CPU
		{321210B4-8B51-4A24-ADA5-3921A60A5512}.Debug|x64.ActiveCfg = Debug|Any CPU
		{321210B4-8B51-4A24-ADA5-3921A60A5512}.Debug|x64.Build.0 = Debug|Any CPU
		{321210B4-8B51-4A24-ADA5-3921A60A5512}.Release|Any CPU.ActiveCfg = Release|Any CPU
		{321210B4-8B51-4A24-ADA5-3921A60A5512}.Release|Any CPU.Build.0 = Release|Any CPU
		{321210B4-8B51-4A24-ADA5-3921A60A5512}.Release|x64.ActiveCfg = Release|Any CPU
		{321210B4-8B51-4A24-ADA5-3921A60A5512}.Release|x64.Build.0 = Release|Any CPU
		{AB203A81-CE32-4C31-8E3C-280C80DE1542}.Debug|Any CPU.ActiveCfg = Debug|Any CPU
		{AB203A81-CE32-4C31-8E3C-280C80DE1542}.Debug|Any CPU.Build.0 = Debug|Any CPU
		{AB203A81-CE32-4C31-8E3C-280C80DE1542}.Debug|x64.ActiveCfg = Debug|Any CPU
		{AB203A81-CE32-4C31-8E3C-280C80DE1542}.Debug|x64.Build.0 = Debug|Any CPU
		{AB203A81-CE32-4C31-8E3C-280C80DE1542}.Release|Any CPU.ActiveCfg = Release|Any CPU
		{AB203A81-CE32-4C31-8E3C-280C80DE1542}.Release|Any CPU.Build.0 = Release|Any CPU
		{AB203A81-CE32-4C31-8E3C-280C80DE1542}.Release|x64.ActiveCfg = Release|Any CPU
		{AB203A81-CE32-4C31-8E3C-280C80DE1542}.Release|x64.Build.0 = Release|Any CPU
		{CFC9E2C4-F1C2-434A-A95B-B7FA29CE9DF1}.Debug|Any CPU.ActiveCfg = Debug|Any CPU
		{CFC9E2C4-F1C2-434A-A95B-B7FA29CE9DF1}.Debug|Any CPU.Build.0 = Debug|Any CPU
		{CFC9E2C4-F1C2-434A-A95B-B7FA29CE9DF1}.Debug|x64.ActiveCfg = Debug|Any CPU
		{CFC9E2C4-F1C2-434A-A95B-B7FA29CE9DF1}.Debug|x64.Build.0 = Debug|Any CPU
		{CFC9E2C4-F1C2-434A-A95B-B7FA29CE9DF1}.Release|Any CPU.ActiveCfg = Release|Any CPU
		{CFC9E2C4-F1C2-434A-A95B-B7FA29CE9DF1}.Release|Any CPU.Build.0 = Release|Any CPU
		{CFC9E2C4-F1C2-434A-A95B-B7FA29CE9DF1}.Release|x64.ActiveCfg = Release|Any CPU
		{CFC9E2C4-F1C2-434A-A95B-B7FA29CE9DF1}.Release|x64.Build.0 = Release|Any CPU
		{714598A6-F241-4E09-B658-36257251BF0C}.Debug|Any CPU.ActiveCfg = Debug|Any CPU
		{714598A6-F241-4E09-B658-36257251BF0C}.Debug|Any CPU.Build.0 = Debug|Any CPU
		{714598A6-F241-4E09-B658-36257251BF0C}.Debug|x64.ActiveCfg = Debug|Any CPU
		{714598A6-F241-4E09-B658-36257251BF0C}.Debug|x64.Build.0 = Debug|Any CPU
		{714598A6-F241-4E09-B658-36257251BF0C}.Release|Any CPU.ActiveCfg = Release|Any CPU
		{714598A6-F241-4E09-B658-36257251BF0C}.Release|Any CPU.Build.0 = Release|Any CPU
		{714598A6-F241-4E09-B658-36257251BF0C}.Release|x64.ActiveCfg = Release|Any CPU
		{714598A6-F241-4E09-B658-36257251BF0C}.Release|x64.Build.0 = Release|Any CPU
		{57FA0900-F5A5-43FF-AA84-6D5D0378A0E8}.Debug|Any CPU.ActiveCfg = Debug|Any CPU
		{57FA0900-F5A5-43FF-AA84-6D5D0378A0E8}.Debug|Any CPU.Build.0 = Debug|Any CPU
		{57FA0900-F5A5-43FF-AA84-6D5D0378A0E8}.Debug|x64.ActiveCfg = Debug|x64
		{57FA0900-F5A5-43FF-AA84-6D5D0378A0E8}.Debug|x64.Build.0 = Debug|x64
		{57FA0900-F5A5-43FF-AA84-6D5D0378A0E8}.Release|Any CPU.ActiveCfg = Release|Any CPU
		{57FA0900-F5A5-43FF-AA84-6D5D0378A0E8}.Release|Any CPU.Build.0 = Release|Any CPU
		{57FA0900-F5A5-43FF-AA84-6D5D0378A0E8}.Release|x64.ActiveCfg = Release|x64
		{57FA0900-F5A5-43FF-AA84-6D5D0378A0E8}.Release|x64.Build.0 = Release|x64
		{BEB0C034-8A39-4EB5-B214-146FDBAFDAF0}.Debug|Any CPU.ActiveCfg = Debug|Any CPU
		{BEB0C034-8A39-4EB5-B214-146FDBAFDAF0}.Debug|Any CPU.Build.0 = Debug|Any CPU
		{BEB0C034-8A39-4EB5-B214-146FDBAFDAF0}.Debug|x64.ActiveCfg = Debug|Any CPU
		{BEB0C034-8A39-4EB5-B214-146FDBAFDAF0}.Debug|x64.Build.0 = Debug|Any CPU
		{BEB0C034-8A39-4EB5-B214-146FDBAFDAF0}.Release|Any CPU.ActiveCfg = Release|Any CPU
		{BEB0C034-8A39-4EB5-B214-146FDBAFDAF0}.Release|Any CPU.Build.0 = Release|Any CPU
		{BEB0C034-8A39-4EB5-B214-146FDBAFDAF0}.Release|x64.ActiveCfg = Release|Any CPU
		{BEB0C034-8A39-4EB5-B214-146FDBAFDAF0}.Release|x64.Build.0 = Release|Any CPU
	EndGlobalSection
	GlobalSection(SolutionProperties) = preSolution
		HideSolutionNode = FALSE
	EndGlobalSection
EndGlobal
